
Microsoft Visual Studio Solution File, Format Version 12.00
# Visual Studio Version 17
VisualStudioVersion = 17.9.34714.143
MinimumVisualStudioVersion = 10.0.40219.1
Project("{8BC9CEB8-8B4A-11D0-8D11-00A0C91BC942}") = "OnlineShoppingMall", "OnlineShoppingMall\OnlineShoppingMall.vcxproj", "{18DC9B38-2BC5-42D2-9E82-A46CAEECFF68}"
EndProject
Global
	GlobalSection(SolutionConfigurationPlatforms) = preSolution
		Debug|x86 = Debug|x86
		Release|x86 = Release|x86
	EndGlobalSection
	GlobalSection(ProjectConfigurationPlatforms) = postSolution
		{18DC9B38-2BC5-42D2-9E82-A46CAEECFF68}.Debug|x86.ActiveCfg = Debug|Win32
		{18DC9B38-2BC5-42D2-9E82-A46CAEECFF68}.Debug|x86.Build.0 = Debug|Win32
		{18DC9B38-2BC5-42D2-9E82-A46CAEECFF68}.Release|x86.ActiveCfg = Release|Win32
		{18DC9B38-2BC5-42D2-9E82-A46CAEECFF68}.Release|x86.Build.0 = Release|Win32
	EndGlobalSection
	GlobalSection(SolutionProperties) = preSolution
		HideSolutionNode = FALSE
	EndGlobalSection
	GlobalSection(ExtensibilityGlobals) = postSolution
		SolutionGuid = {4C22D08B-ACD7-41F9-ABA3-677BF4EB2656}
	EndGlobalSection
EndGlobal
